
Microsoft Visual Studio Solution File, Format Version 12.00
# Visual Studio Version 17
VisualStudioVersion = 17.14.36616.10 d17.14
MinimumVisualStudioVersion = 10.0.40219.1
Project("{FAE04EC0-301F-11D3-BF4B-00C04F79EFBC}") = "Practice15-1", "Practice15-1\Practice15-1.csproj", "{0BAF9A3B-90D2-41BF-A019-8FD590BB5415}"
EndProject
Global
	GlobalSection(SolutionConfigurationPlatforms) = preSolution
		Debug|Any CPU = Debug|Any CPU
		Release|Any CPU = Release|Any CPU
	EndGlobalSection
	GlobalSection(ProjectConfigurationPlatforms) = postSolution
		{0BAF9A3B-90D2-41BF-A019-8FD590BB5415}.Debug|Any CPU.ActiveCfg = Debug|Any CPU
		{0BAF9A3B-90D2-41BF-A019-8FD590BB5415}.Debug|Any CPU.Build.0 = Debug|Any CPU
		{0BAF9A3B-90D2-41BF-A019-8FD590BB5415}.Release|Any CPU.ActiveCfg = Release|Any CPU
		{0BAF9A3B-90D2-41BF-A019-8FD590BB5415}.Release|Any CPU.Build.0 = Release|Any CPU
	EndGlobalSection
	GlobalSection(SolutionProperties) = preSolution
		HideSolutionNode = FALSE
	EndGlobalSection
	GlobalSection(ExtensibilityGlobals) = postSolution
		SolutionGuid = {C7C32207-2742-4AD1-9386-7FBE66FE09DC}
	EndGlobalSection
EndGlobal
