
Microsoft Visual Studio Solution File, Format Version 12.00
# Visual Studio Version 17
VisualStudioVersion = 17.14.36616.10
MinimumVisualStudioVersion = 10.0.40219.1
Project("{FAE04EC0-301F-11D3-BF4B-00C04F79EFBC}") = "Practice2-1", "Practice2-1\Practice2-1.csproj", "{09D6EBF3-299B-43A8-B620-1CD30D4EC4F4}"
EndProject
Project("{FAE04EC0-301F-11D3-BF4B-00C04F79EFBC}") = "Practice2-2", "Practice2-2\Practice2-2.csproj", "{DFCA823E-F80F-4F66-8748-D8C81564BA5F}"
EndProject
Project("{FAE04EC0-301F-11D3-BF4B-00C04F79EFBC}") = "Practice2-3", "Practice2-3\Practice2-3.csproj", "{42B14077-4FBB-4E47-ABF2-47CF2B51F5C4}"
EndProject
Project("{2150E333-8FDC-42A3-9474-1A3956D46DE8}") = "ソリューション項目", "ソリューション項目", "{2022CB0F-8BAF-F49E-0C48-8EF4C96EC109}"
	ProjectSection(SolutionItems) = preProject
		..\..\Sales.csv = ..\..\Sales.csv
	EndProjectSection
EndProject
Global
	GlobalSection(SolutionConfigurationPlatforms) = preSolution
		Debug|Any CPU = Debug|Any CPU
		Release|Any CPU = Release|Any CPU
	EndGlobalSection
	GlobalSection(ProjectConfigurationPlatforms) = postSolution
		{09D6EBF3-299B-43A8-B620-1CD30D4EC4F4}.Debug|Any CPU.ActiveCfg = Debug|Any CPU
		{09D6EBF3-299B-43A8-B620-1CD30D4EC4F4}.Debug|Any CPU.Build.0 = Debug|Any CPU
		{09D6EBF3-299B-43A8-B620-1CD30D4EC4F4}.Release|Any CPU.ActiveCfg = Release|Any CPU
		{09D6EBF3-299B-43A8-B620-1CD30D4EC4F4}.Release|Any CPU.Build.0 = Release|Any CPU
		{DFCA823E-F80F-4F66-8748-D8C81564BA5F}.Debug|Any CPU.ActiveCfg = Debug|Any CPU
		{DFCA823E-F80F-4F66-8748-D8C81564BA5F}.Debug|Any CPU.Build.0 = Debug|Any CPU
		{DFCA823E-F80F-4F66-8748-D8C81564BA5F}.Release|Any CPU.ActiveCfg = Release|Any CPU
		{DFCA823E-F80F-4F66-8748-D8C81564BA5F}.Release|Any CPU.Build.0 = Release|Any CPU
		{42B14077-4FBB-4E47-ABF2-47CF2B51F5C4}.Debug|Any CPU.ActiveCfg = Debug|Any CPU
		{42B14077-4FBB-4E47-ABF2-47CF2B51F5C4}.Debug|Any CPU.Build.0 = Debug|Any CPU
		{42B14077-4FBB-4E47-ABF2-47CF2B51F5C4}.Release|Any CPU.ActiveCfg = Release|Any CPU
		{42B14077-4FBB-4E47-ABF2-47CF2B51F5C4}.Release|Any CPU.Build.0 = Release|Any CPU
	EndGlobalSection
	GlobalSection(SolutionProperties) = preSolution
		HideSolutionNode = FALSE
	EndGlobalSection
	GlobalSection(ExtensibilityGlobals) = postSolution
		SolutionGuid = {FC68E02C-A37F-4D40-B4B3-04AD3005A0EA}
	EndGlobalSection
EndGlobal
