
Microsoft Visual Studio Solution File, Format Version 12.00
# Visual Studio Version 17
VisualStudioVersion = 17.14.36616.10
MinimumVisualStudioVersion = 10.0.40219.1
Project("{FAE04EC0-301F-11D3-BF4B-00C04F79EFBC}") = "Practice3-1", "Practice3-1\Practice3-1.csproj", "{AA4DEC77-2EC3-417A-AC11-072A2C601B81}"
EndProject
Project("{FAE04EC0-301F-11D3-BF4B-00C04F79EFBC}") = "Practice3-2", "Practice3-2\Practice3-2.csproj", "{49A893A5-7CD0-47BB-A6A1-9271256CF552}"
EndProject
Global
	GlobalSection(SolutionConfigurationPlatforms) = preSolution
		Debug|Any CPU = Debug|Any CPU
		Release|Any CPU = Release|Any CPU
	EndGlobalSection
	GlobalSection(ProjectConfigurationPlatforms) = postSolution
		{AA4DEC77-2EC3-417A-AC11-072A2C601B81}.Debug|Any CPU.ActiveCfg = Debug|Any CPU
		{AA4DEC77-2EC3-417A-AC11-072A2C601B81}.Debug|Any CPU.Build.0 = Debug|Any CPU
		{AA4DEC77-2EC3-417A-AC11-072A2C601B81}.Release|Any CPU.ActiveCfg = Release|Any CPU
		{AA4DEC77-2EC3-417A-AC11-072A2C601B81}.Release|Any CPU.Build.0 = Release|Any CPU
		{49A893A5-7CD0-47BB-A6A1-9271256CF552}.Debug|Any CPU.ActiveCfg = Debug|Any CPU
		{49A893A5-7CD0-47BB-A6A1-9271256CF552}.Debug|Any CPU.Build.0 = Debug|Any CPU
		{49A893A5-7CD0-47BB-A6A1-9271256CF552}.Release|Any CPU.ActiveCfg = Release|Any CPU
		{49A893A5-7CD0-47BB-A6A1-9271256CF552}.Release|Any CPU.Build.0 = Release|Any CPU
	EndGlobalSection
	GlobalSection(SolutionProperties) = preSolution
		HideSolutionNode = FALSE
	EndGlobalSection
	GlobalSection(ExtensibilityGlobals) = postSolution
		SolutionGuid = {062F5CE8-EDFD-409F-9084-875A7CBB0F33}
	EndGlobalSection
EndGlobal
